
Microsoft Visual Studio Solution File, Format Version 12.00
# Visual Studio 15
VisualStudioVersion = 15.0.26124.0
MinimumVisualStudioVersion = 15.0.26124.0
Project("{FAE04EC0-301F-11D3-BF4B-00C04F79EFBC}") = "TradeDash.FrontEnd", "TradeDash.FrontEnd\TradeDash.FrontEnd.csproj", "{84AD1417-18F0-4D08-B6F9-005F5568421C}"
EndProject
Project("{FAE04EC0-301F-11D3-BF4B-00C04F79EFBC}") = "TradeDash.BackEnd", "TradeDash.BackEnd\TradeDash.BackEnd.csproj", "{2A9933CA-1CB8-4A0C-9780-992C1F60235D}"
EndProject
Project("{2150E333-8FDC-42A3-9474-1A3956D46DE8}") = "Solution Items", "Solution Items", "{C1880D3A-6F42-4C31-BFD7-1E3A8656391B}"
	ProjectSection(SolutionItems) = preProject
		README.md = README.md
		.gitignore = .gitignore
		TradeDash.Components.png = TradeDash.Components.png
	EndProjectSection
EndProject
Project("{FAE04EC0-301F-11D3-BF4B-00C04F79EFBC}") = "TradeDash.DTO", "TradeDash.DTO\TradeDash.DTO.csproj", "{43817F09-1C75-4FC1-8904-7E6DCEB084D1}"
EndProject
Project("{FAE04EC0-301F-11D3-BF4B-00C04F79EFBC}") = "TradeDash.Application", "TradeDash.Application\TradeDash.Application.csproj", "{7C56005A-C869-4FE6-990B-38F08E4AAB6B}"
EndProject
Project("{FAE04EC0-301F-11D3-BF4B-00C04F79EFBC}") = "TradeDash.BackgroundTasks", "TradeDash.BackgroundTasks\TradeDash.BackgroundTasks.csproj", "{48ED518D-B139-4811-8F15-CE654B11B1F4}"
EndProject
Project("{FAE04EC0-301F-11D3-BF4B-00C04F79EFBC}") = "TradeDash.BackgroundTasks.Abstractions", "TradeDash.BackgroundTasks.Abstractions\TradeDash.BackgroundTasks.Abstractions.csproj", "{A52FDB84-C28E-4AF3-9E52-3B6BF7E56452}"
EndProject
Project("{FAE04EC0-301F-11D3-BF4B-00C04F79EFBC}") = "TradeDash.DataApiProviders", "TradeDash.DataApiProviders\TradeDash.DataApiProviders.csproj", "{DA20BF9B-6DA2-4C19-B24C-81FBCB65DECA}"
EndProject
Project("{FAE04EC0-301F-11D3-BF4B-00C04F79EFBC}") = "TradeDash.Indicators", "TradeDash.Indicators\TradeDash.Indicators.csproj", "{75C17F36-9060-4F2C-A035-8540A2477E76}"
EndProject
Global
	GlobalSection(SolutionConfigurationPlatforms) = preSolution
		Debug|Any CPU = Debug|Any CPU
		Debug|x64 = Debug|x64
		Debug|x86 = Debug|x86
		Release|Any CPU = Release|Any CPU
		Release|x64 = Release|x64
		Release|x86 = Release|x86
	EndGlobalSection
	GlobalSection(SolutionProperties) = preSolution
		HideSolutionNode = FALSE
	EndGlobalSection
	GlobalSection(ProjectConfigurationPlatforms) = postSolution
		{C0F3752E-1275-4FE3-9B56-B52E58D0D3A6}.Debug|Any CPU.ActiveCfg = Debug|Any CPU
		{C0F3752E-1275-4FE3-9B56-B52E58D0D3A6}.Debug|Any CPU.Build.0 = Debug|Any CPU
		{C0F3752E-1275-4FE3-9B56-B52E58D0D3A6}.Debug|x64.ActiveCfg = Debug|Any CPU
		{C0F3752E-1275-4FE3-9B56-B52E58D0D3A6}.Debug|x64.Build.0 = Debug|Any CPU
		{C0F3752E-1275-4FE3-9B56-B52E58D0D3A6}.Debug|x86.ActiveCfg = Debug|Any CPU
		{C0F3752E-1275-4FE3-9B56-B52E58D0D3A6}.Debug|x86.Build.0 = Debug|Any CPU
		{C0F3752E-1275-4FE3-9B56-B52E58D0D3A6}.Release|Any CPU.ActiveCfg = Release|Any CPU
		{C0F3752E-1275-4FE3-9B56-B52E58D0D3A6}.Release|Any CPU.Build.0 = Release|Any CPU
		{C0F3752E-1275-4FE3-9B56-B52E58D0D3A6}.Release|x64.ActiveCfg = Release|Any CPU
		{C0F3752E-1275-4FE3-9B56-B52E58D0D3A6}.Release|x64.Build.0 = Release|Any CPU
		{C0F3752E-1275-4FE3-9B56-B52E58D0D3A6}.Release|x86.ActiveCfg = Release|Any CPU
		{C0F3752E-1275-4FE3-9B56-B52E58D0D3A6}.Release|x86.Build.0 = Release|Any CPU
		{84AD1417-18F0-4D08-B6F9-005F5568421C}.Debug|Any CPU.ActiveCfg = Debug|Any CPU
		{84AD1417-18F0-4D08-B6F9-005F5568421C}.Debug|Any CPU.Build.0 = Debug|Any CPU
		{84AD1417-18F0-4D08-B6F9-005F5568421C}.Debug|x64.ActiveCfg = Debug|Any CPU
		{84AD1417-18F0-4D08-B6F9-005F5568421C}.Debug|x64.Build.0 = Debug|Any CPU
		{84AD1417-18F0-4D08-B6F9-005F5568421C}.Debug|x86.ActiveCfg = Debug|Any CPU
		{84AD1417-18F0-4D08-B6F9-005F5568421C}.Debug|x86.Build.0 = Debug|Any CPU
		{84AD1417-18F0-4D08-B6F9-005F5568421C}.Release|Any CPU.ActiveCfg = Release|Any CPU
		{84AD1417-18F0-4D08-B6F9-005F5568421C}.Release|Any CPU.Build.0 = Release|Any CPU
		{84AD1417-18F0-4D08-B6F9-005F5568421C}.Release|x64.ActiveCfg = Release|Any CPU
		{84AD1417-18F0-4D08-B6F9-005F5568421C}.Release|x64.Build.0 = Release|Any CPU
		{84AD1417-18F0-4D08-B6F9-005F5568421C}.Release|x86.ActiveCfg = Release|Any CPU
		{84AD1417-18F0-4D08-B6F9-005F5568421C}.Release|x86.Build.0 = Release|Any CPU
		{2A9933CA-1CB8-4A0C-9780-992C1F60235D}.Debug|Any CPU.ActiveCfg = Debug|Any CPU
		{2A9933CA-1CB8-4A0C-9780-992C1F60235D}.Debug|Any CPU.Build.0 = Debug|Any CPU
		{2A9933CA-1CB8-4A0C-9780-992C1F60235D}.Debug|x64.ActiveCfg = Debug|Any CPU
		{2A9933CA-1CB8-4A0C-9780-992C1F60235D}.Debug|x64.Build.0 = Debug|Any CPU
		{2A9933CA-1CB8-4A0C-9780-992C1F60235D}.Debug|x86.ActiveCfg = Debug|Any CPU
		{2A9933CA-1CB8-4A0C-9780-992C1F60235D}.Debug|x86.Build.0 = Debug|Any CPU
		{2A9933CA-1CB8-4A0C-9780-992C1F60235D}.Release|Any CPU.ActiveCfg = Release|Any CPU
		{2A9933CA-1CB8-4A0C-9780-992C1F60235D}.Release|Any CPU.Build.0 = Release|Any CPU
		{2A9933CA-1CB8-4A0C-9780-992C1F60235D}.Release|x64.ActiveCfg = Release|Any CPU
		{2A9933CA-1CB8-4A0C-9780-992C1F60235D}.Release|x64.Build.0 = Release|Any CPU
		{2A9933CA-1CB8-4A0C-9780-992C1F60235D}.Release|x86.ActiveCfg = Release|Any CPU
		{2A9933CA-1CB8-4A0C-9780-992C1F60235D}.Release|x86.Build.0 = Release|Any CPU
		{43817F09-1C75-4FC1-8904-7E6DCEB084D1}.Debug|Any CPU.ActiveCfg = Debug|Any CPU
		{43817F09-1C75-4FC1-8904-7E6DCEB084D1}.Debug|Any CPU.Build.0 = Debug|Any CPU
		{43817F09-1C75-4FC1-8904-7E6DCEB084D1}.Debug|x64.ActiveCfg = Debug|Any CPU
		{43817F09-1C75-4FC1-8904-7E6DCEB084D1}.Debug|x64.Build.0 = Debug|Any CPU
		{43817F09-1C75-4FC1-8904-7E6DCEB084D1}.Debug|x86.ActiveCfg = Debug|Any CPU
		{43817F09-1C75-4FC1-8904-7E6DCEB084D1}.Debug|x86.Build.0 = Debug|Any CPU
		{43817F09-1C75-4FC1-8904-7E6DCEB084D1}.Release|Any CPU.ActiveCfg = Release|Any CPU
		{43817F09-1C75-4FC1-8904-7E6DCEB084D1}.Release|Any CPU.Build.0 = Release|Any CPU
		{43817F09-1C75-4FC1-8904-7E6DCEB084D1}.Release|x64.ActiveCfg = Release|Any CPU
		{43817F09-1C75-4FC1-8904-7E6DCEB084D1}.Release|x64.Build.0 = Release|Any CPU
		{43817F09-1C75-4FC1-8904-7E6DCEB084D1}.Release|x86.ActiveCfg = Release|Any CPU
		{43817F09-1C75-4FC1-8904-7E6DCEB084D1}.Release|x86.Build.0 = Release|Any CPU
		{7C56005A-C869-4FE6-990B-38F08E4AAB6B}.Debug|Any CPU.ActiveCfg = Debug|Any CPU
		{7C56005A-C869-4FE6-990B-38F08E4AAB6B}.Debug|Any CPU.Build.0 = Debug|Any CPU
		{7C56005A-C869-4FE6-990B-38F08E4AAB6B}.Debug|x64.ActiveCfg = Debug|Any CPU
		{7C56005A-C869-4FE6-990B-38F08E4AAB6B}.Debug|x64.Build.0 = Debug|Any CPU
		{7C56005A-C869-4FE6-990B-38F08E4AAB6B}.Debug|x86.ActiveCfg = Debug|Any CPU
		{7C56005A-C869-4FE6-990B-38F08E4AAB6B}.Debug|x86.Build.0 = Debug|Any CPU
		{7C56005A-C869-4FE6-990B-38F08E4AAB6B}.Release|Any CPU.ActiveCfg = Release|Any CPU
		{7C56005A-C869-4FE6-990B-38F08E4AAB6B}.Release|Any CPU.Build.0 = Release|Any CPU
		{7C56005A-C869-4FE6-990B-38F08E4AAB6B}.Release|x64.ActiveCfg = Release|Any CPU
		{7C56005A-C869-4FE6-990B-38F08E4AAB6B}.Release|x64.Build.0 = Release|Any CPU
		{7C56005A-C869-4FE6-990B-38F08E4AAB6B}.Release|x86.ActiveCfg = Release|Any CPU
		{7C56005A-C869-4FE6-990B-38F08E4AAB6B}.Release|x86.Build.0 = Release|Any CPU
		{48ED518D-B139-4811-8F15-CE654B11B1F4}.Debug|Any CPU.ActiveCfg = Debug|Any CPU
		{48ED518D-B139-4811-8F15-CE654B11B1F4}.Debug|Any CPU.Build.0 = Debug|Any CPU
		{48ED518D-B139-4811-8F15-CE654B11B1F4}.Debug|x64.ActiveCfg = Debug|Any CPU
		{48ED518D-B139-4811-8F15-CE654B11B1F4}.Debug|x64.Build.0 = Debug|Any CPU
		{48ED518D-B139-4811-8F15-CE654B11B1F4}.Debug|x86.ActiveCfg = Debug|Any CPU
		{48ED518D-B139-4811-8F15-CE654B11B1F4}.Debug|x86.Build.0 = Debug|Any CPU
		{48ED518D-B139-4811-8F15-CE654B11B1F4}.Release|Any CPU.ActiveCfg = Release|Any CPU
		{48ED518D-B139-4811-8F15-CE654B11B1F4}.Release|Any CPU.Build.0 = Release|Any CPU
		{48ED518D-B139-4811-8F15-CE654B11B1F4}.Release|x64.ActiveCfg = Release|Any CPU
		{48ED518D-B139-4811-8F15-CE654B11B1F4}.Release|x64.Build.0 = Release|Any CPU
		{48ED518D-B139-4811-8F15-CE654B11B1F4}.Release|x86.ActiveCfg = Release|Any CPU
		{48ED518D-B139-4811-8F15-CE654B11B1F4}.Release|x86.Build.0 = Release|Any CPU
		{A52FDB84-C28E-4AF3-9E52-3B6BF7E56452}.Debug|Any CPU.ActiveCfg = Debug|Any CPU
		{A52FDB84-C28E-4AF3-9E52-3B6BF7E56452}.Debug|Any CPU.Build.0 = Debug|Any CPU
		{A52FDB84-C28E-4AF3-9E52-3B6BF7E56452}.Debug|x64.ActiveCfg = Debug|Any CPU
		{A52FDB84-C28E-4AF3-9E52-3B6BF7E56452}.Debug|x64.Build.0 = Debug|Any CPU
		{A52FDB84-C28E-4AF3-9E52-3B6BF7E56452}.Debug|x86.ActiveCfg = Debug|Any CPU
		{A52FDB84-C28E-4AF3-9E52-3B6BF7E56452}.Debug|x86.Build.0 = Debug|Any CPU
		{A52FDB84-C28E-4AF3-9E52-3B6BF7E56452}.Release|Any CPU.ActiveCfg = Release|Any CPU
		{A52FDB84-C28E-4AF3-9E52-3B6BF7E56452}.Release|Any CPU.Build.0 = Release|Any CPU
		{A52FDB84-C28E-4AF3-9E52-3B6BF7E56452}.Release|x64.ActiveCfg = Release|Any CPU
		{A52FDB84-C28E-4AF3-9E52-3B6BF7E56452}.Release|x64.Build.0 = Release|Any CPU
		{A52FDB84-C28E-4AF3-9E52-3B6BF7E56452}.Release|x86.ActiveCfg = Release|Any CPU
		{A52FDB84-C28E-4AF3-9E52-3B6BF7E56452}.Release|x86.Build.0 = Release|Any CPU
		{DA20BF9B-6DA2-4C19-B24C-81FBCB65DECA}.Debug|Any CPU.ActiveCfg = Debug|Any CPU
		{DA20BF9B-6DA2-4C19-B24C-81FBCB65DECA}.Debug|Any CPU.Build.0 = Debug|Any CPU
		{DA20BF9B-6DA2-4C19-B24C-81FBCB65DECA}.Debug|x64.ActiveCfg = Debug|Any CPU
		{DA20BF9B-6DA2-4C19-B24C-81FBCB65DECA}.Debug|x64.Build.0 = Debug|Any CPU
		{DA20BF9B-6DA2-4C19-B24C-81FBCB65DECA}.Debug|x86.ActiveCfg = Debug|Any CPU
		{DA20BF9B-6DA2-4C19-B24C-81FBCB65DECA}.Debug|x86.Build.0 = Debug|Any CPU
		{DA20BF9B-6DA2-4C19-B24C-81FBCB65DECA}.Release|Any CPU.ActiveCfg = Release|Any CPU
		{DA20BF9B-6DA2-4C19-B24C-81FBCB65DECA}.Release|Any CPU.Build.0 = Release|Any CPU
		{DA20BF9B-6DA2-4C19-B24C-81FBCB65DECA}.Release|x64.ActiveCfg = Release|Any CPU
		{DA20BF9B-6DA2-4C19-B24C-81FBCB65DECA}.Release|x64.Build.0 = Release|Any CPU
		{DA20BF9B-6DA2-4C19-B24C-81FBCB65DECA}.Release|x86.ActiveCfg = Release|Any CPU
		{DA20BF9B-6DA2-4C19-B24C-81FBCB65DECA}.Release|x86.Build.0 = Release|Any CPU
		{75C17F36-9060-4F2C-A035-8540A2477E76}.Debug|Any CPU.ActiveCfg = Debug|Any CPU
		{75C17F36-9060-4F2C-A035-8540A2477E76}.Debug|Any CPU.Build.0 = Debug|Any CPU
		{75C17F36-9060-4F2C-A035-8540A2477E76}.Debug|x64.ActiveCfg = Debug|Any CPU
		{75C17F36-9060-4F2C-A035-8540A2477E76}.Debug|x64.Build.0 = Debug|Any CPU
		{75C17F36-9060-4F2C-A035-8540A2477E76}.Debug|x86.ActiveCfg = Debug|Any CPU
		{75C17F36-9060-4F2C-A035-8540A2477E76}.Debug|x86.Build.0 = Debug|Any CPU
		{75C17F36-9060-4F2C-A035-8540A2477E76}.Release|Any CPU.ActiveCfg = Release|Any CPU
		{75C17F36-9060-4F2C-A035-8540A2477E76}.Release|Any CPU.Build.0 = Release|Any CPU
		{75C17F36-9060-4F2C-A035-8540A2477E76}.Release|x64.ActiveCfg = Release|Any CPU
		{75C17F36-9060-4F2C-A035-8540A2477E76}.Release|x64.Build.0 = Release|Any CPU
		{75C17F36-9060-4F2C-A035-8540A2477E76}.Release|x86.ActiveCfg = Release|Any CPU
		{75C17F36-9060-4F2C-A035-8540A2477E76}.Release|x86.Build.0 = Release|Any CPU
	EndGlobalSection
EndGlobal
